// !$*UTF8*$!
{
	archiveVersion = 1;
	classes = {
	};
	objectVersion = 55;
	objects = {

/* Begin PBXBuildFile section */
		452F0A4D28FE6C0100C01151 /* AppDelegate.swift in Sources */ = {isa = PBXBuildFile; fileRef = 452F0A4C28FE6C0100C01151 /* AppDelegate.swift */; };
		452F0A4F28FE6C0100C01151 /* SceneDelegate.swift in Sources */ = {isa = PBXBuildFile; fileRef = 452F0A4E28FE6C0100C01151 /* SceneDelegate.swift */; };
		452F0A5428FE6C0100C01151 /* Main.storyboard in Resources */ = {isa = PBXBuildFile; fileRef = 452F0A5228FE6C0100C01151 /* Main.storyboard */; };
		452F0A5628FE6C0200C01151 /* Assets.xcassets in Resources */ = {isa = PBXBuildFile; fileRef = 452F0A5528FE6C0200C01151 /* Assets.xcassets */; };
		452F0A5928FE6C0200C01151 /* LaunchScreen.storyboard in Resources */ = {isa = PBXBuildFile; fileRef = 452F0A5728FE6C0200C01151 /* LaunchScreen.storyboard */; };
		452F0A6228FE6C5C00C01151 /* MainPageViewController.swift in Sources */ = {isa = PBXBuildFile; fileRef = 452F0A6128FE6C5C00C01151 /* MainPageViewController.swift */; };
		452F0A6728FE6E5700C01151 /* OrdersViewController.swift in Sources */ = {isa = PBXBuildFile; fileRef = 452F0A6628FE6E5700C01151 /* OrdersViewController.swift */; };
		452F0A6928FE6E7300C01151 /* NewOrderViewController.swift in Sources */ = {isa = PBXBuildFile; fileRef = 452F0A6828FE6E7300C01151 /* NewOrderViewController.swift */; };
		452F0A6B28FE6E9700C01151 /* NotificationsViewController.swift in Sources */ = {isa = PBXBuildFile; fileRef = 452F0A6A28FE6E9700C01151 /* NotificationsViewController.swift */; };
		452F0A6D28FE6EB100C01151 /* MyAccountViewController.swift in Sources */ = {isa = PBXBuildFile; fileRef = 452F0A6C28FE6EB100C01151 /* MyAccountViewController.swift */; };
/* End PBXBuildFile section */

/* Begin PBXFileReference section */
		452F0A4928FE6C0100C01151 /* TestExampleDesign.app */ = {isa = PBXFileReference; explicitFileType = wrapper.application; includeInIndex = 0; path = TestExampleDesign.app; sourceTree = BUILT_PRODUCTS_DIR; };
		452F0A4C28FE6C0100C01151 /* AppDelegate.swift */ = {isa = PBXFileReference; lastKnownFileType = sourcecode.swift; path = AppDelegate.swift; sourceTree = "<group>"; };
		452F0A4E28FE6C0100C01151 /* SceneDelegate.swift */ = {isa = PBXFileReference; lastKnownFileType = sourcecode.swift; path = SceneDelegate.swift; sourceTree = "<group>"; };
		452F0A5328FE6C0100C01151 /* Base */ = {isa = PBXFileReference; lastKnownFileType = file.storyboard; name = Base; path = Base.lproj/Main.storyboard; sourceTree = "<group>"; };
		452F0A5528FE6C0200C01151 /* Assets.xcassets */ = {isa = PBXFileReference; lastKnownFileType = folder.assetcatalog; path = Assets.xcassets; sourceTree = "<group>"; };
		452F0A5828FE6C0200C01151 /* Base */ = {isa = PBXFileReference; lastKnownFileType = file.storyboard; name = Base; path = Base.lproj/LaunchScreen.storyboard; sourceTree = "<group>"; };
		452F0A5A28FE6C0200C01151 /* Info.plist */ = {isa = PBXFileReference; lastKnownFileType = text.plist.xml; path = Info.plist; sourceTree = "<group>"; };
		452F0A6128FE6C5C00C01151 /* MainPageViewController.swift */ = {isa = PBXFileReference; lastKnownFileType = sourcecode.swift; path = MainPageViewController.swift; sourceTree = "<group>"; };
		452F0A6628FE6E5700C01151 /* OrdersViewController.swift */ = {isa = PBXFileReference; lastKnownFileType = sourcecode.swift; path = OrdersViewController.swift; sourceTree = "<group>"; };
		452F0A6828FE6E7300C01151 /* NewOrderViewController.swift */ = {isa = PBXFileReference; lastKnownFileType = sourcecode.swift; path = NewOrderViewController.swift; sourceTree = "<group>"; };
		452F0A6A28FE6E9700C01151 /* NotificationsViewController.swift */ = {isa = PBXFileReference; lastKnownFileType = sourcecode.swift; path = NotificationsViewController.swift; sourceTree = "<group>"; };
		452F0A6C28FE6EB100C01151 /* MyAccountViewController.swift */ = {isa = PBXFileReference; lastKnownFileType = sourcecode.swift; path = MyAccountViewController.swift; sourceTree = "<group>"; };
/* End PBXFileReference section */

/* Begin PBXFrameworksBuildPhase section */
		452F0A4628FE6C0100C01151 /* Frameworks */ = {
			isa = PBXFrameworksBuildPhase;
			buildActionMask = 2147483647;
			files = (
			);
			runOnlyForDeploymentPostprocessing = 0;
		};
/* End PBXFrameworksBuildPhase section */

/* Begin PBXGroup section */
		452F0A4028FE6C0100C01151 = {
			isa = PBXGroup;
			children = (
				452F0A4B28FE6C0100C01151 /* TestExampleDesign */,
				452F0A4A28FE6C0100C01151 /* Products */,
			);
			sourceTree = "<group>";
		};
		452F0A4A28FE6C0100C01151 /* Products */ = {
			isa = PBXGroup;
			children = (
				452F0A4928FE6C0100C01151 /* TestExampleDesign.app */,
			);
			name = Products;
			sourceTree = "<group>";
		};
		452F0A4B28FE6C0100C01151 /* TestExampleDesign */ = {
			isa = PBXGroup;
			children = (
				452F0A6028FE6C3400C01151 /* AppDelegate */,
				452F0A6328FE6C6300C01151 /* MainPageViewController */,
				452F0A6528FE6D8000C01151 /* Storyboards */,
				452F0A6428FE6C9E00C01151 /* Resources */,
			);
			path = TestExampleDesign;
			sourceTree = "<group>";
		};
		452F0A6028FE6C3400C01151 /* AppDelegate */ = {
			isa = PBXGroup;
			children = (
				452F0A4C28FE6C0100C01151 /* AppDelegate.swift */,
				452F0A4E28FE6C0100C01151 /* SceneDelegate.swift */,
			);
			path = AppDelegate;
			sourceTree = "<group>";
		};
		452F0A6328FE6C6300C01151 /* MainPageViewController */ = {
			isa = PBXGroup;
			children = (
				452F0A6128FE6C5C00C01151 /* MainPageViewController.swift */,
				452F0A6628FE6E5700C01151 /* OrdersViewController.swift */,
				452F0A6828FE6E7300C01151 /* NewOrderViewController.swift */,
				452F0A6A28FE6E9700C01151 /* NotificationsViewController.swift */,
				452F0A6C28FE6EB100C01151 /* MyAccountViewController.swift */,
			);
			path = MainPageViewController;
			sourceTree = "<group>";
		};
		452F0A6428FE6C9E00C01151 /* Resources */ = {
			isa = PBXGroup;
			children = (
				452F0A5528FE6C0200C01151 /* Assets.xcassets */,
				452F0A5A28FE6C0200C01151 /* Info.plist */,
			);
			path = Resources;
			sourceTree = "<group>";
		};
		452F0A6528FE6D8000C01151 /* Storyboards */ = {
			isa = PBXGroup;
			children = (
				452F0A5228FE6C0100C01151 /* Main.storyboard */,
				452F0A5728FE6C0200C01151 /* LaunchScreen.storyboard */,
			);
			path = Storyboards;
			sourceTree = "<group>";
		};
/* End PBXGroup section */

/* Begin PBXNativeTarget section */
		452F0A4828FE6C0100C01151 /* TestExampleDesign */ = {
			isa = PBXNativeTarget;
			buildConfigurationList = 452F0A5D28FE6C0200C01151 /* Build configuration list for PBXNativeTarget "TestExampleDesign" */;
			buildPhases = (
				452F0A4528FE6C0100C01151 /* Sources */,
				452F0A4628FE6C0100C01151 /* Frameworks */,
				452F0A4728FE6C0100C01151 /* Resources */,
			);
			buildRules = (
			);
			dependencies = (
			);
			name = TestExampleDesign;
			productName = TestExampleDesign;
			productReference = 452F0A4928FE6C0100C01151 /* TestExampleDesign.app */;
			productType = "com.apple.product-type.application";
		};
/* End PBXNativeTarget section */

/* Begin PBXProject section */
		452F0A4128FE6C0100C01151 /* Project object */ = {
			isa = PBXProject;
			attributes = {
				BuildIndependentTargetsInParallel = 1;
				LastSwiftUpdateCheck = 1320;
				LastUpgradeCheck = 1320;
				TargetAttributes = {
					452F0A4828FE6C0100C01151 = {
						CreatedOnToolsVersion = 13.2.1;
					};
				};
			};
			buildConfigurationList = 452F0A4428FE6C0100C01151 /* Build configuration list for PBXProject "TestExampleDesign" */;
			compatibilityVersion = "Xcode 13.0";
			developmentRegion = en;
			hasScannedForEncodings = 0;
			knownRegions = (
				en,
				Base,
			);
			mainGroup = 452F0A4028FE6C0100C01151;
			productRefGroup = 452F0A4A28FE6C0100C01151 /* Products */;
			projectDirPath = "";
			projectRoot = "";
			targets = (
				452F0A4828FE6C0100C01151 /* TestExampleDesign */,
			);
		};
/* End PBXProject section */

/* Begin PBXResourcesBuildPhase section */
		452F0A4728FE6C0100C01151 /* Resources */ = {
			isa = PBXResourcesBuildPhase;
			buildActionMask = 2147483647;
			files = (
				452F0A5928FE6C0200C01151 /* LaunchScreen.storyboard in Resources */,
				452F0A5628FE6C0200C01151 /* Assets.xcassets in Resources */,
				452F0A5428FE6C0100C01151 /* Main.storyboard in Resources */,
			);
			runOnlyForDeploymentPostprocessing = 0;
		};
/* End PBXResourcesBuildPhase section */

/* Begin PBXSourcesBuildPhase section */
		452F0A4528FE6C0100C01151 /* Sources */ = {
			isa = PBXSourcesBuildPhase;
			buildActionMask = 2147483647;
			files = (
				452F0A4D28FE6C0100C01151 /* AppDelegate.swift in Sources */,
				452F0A6228FE6C5C00C01151 /* MainPageViewController.swift in Sources */,
				452F0A4F28FE6C0100C01151 /* SceneDelegate.swift in Sources */,
				452F0A6D28FE6EB100C01151 /* MyAccountViewController.swift in Sources */,
				452F0A6B28FE6E9700C01151 /* NotificationsViewController.swift in Sources */,
				452F0A6728FE6E5700C01151 /* OrdersViewController.swift in Sources */,
				452F0A6928FE6E7300C01151 /* NewOrderViewController.swift in Sources */,
			);
			runOnlyForDeploymentPostprocessing = 0;
		};
/* End PBXSourcesBuildPhase section */

/* Begin PBXVariantGroup section */
		452F0A5228FE6C0100C01151 /* Main.storyboard */ = {
			isa = PBXVariantGroup;
			children = (
				452F0A5328FE6C0100C01151 /* Base */,
			);
			name = Main.storyboard;
			sourceTree = "<group>";
		};
		452F0A5728FE6C0200C01151 /* LaunchScreen.storyboard */ = {
			isa = PBXVariantGroup;
			children = (
				452F0A5828FE6C0200C01151 /* Base */,
			);
			name = LaunchScreen.storyboard;
			sourceTree = "<group>";
		};
/* End PBXVariantGroup section */

/* Begin XCBuildConfiguration section */
		452F0A5B28FE6C0200C01151 /* Debug */ = {
			isa = XCBuildConfiguration;
			buildSettings = {
				ALWAYS_SEARCH_USER_PATHS = NO;
				CLANG_ANALYZER_NONNULL = YES;
				CLANG_ANALYZER_NUMBER_OBJECT_CONVERSION = YES_AGGRESSIVE;
				CLANG_CXX_LANGUAGE_STANDARD = "gnu++17";
				CLANG_CXX_LIBRARY = "libc++";
				CLANG_ENABLE_MODULES = YES;
				CLANG_ENABLE_OBJC_ARC = YES;
				CLANG_ENABLE_OBJC_WEAK = YES;
				CLANG_WARN_BLOCK_CAPTURE_AUTORELEASING = YES;
				CLANG_WARN_BOOL_CONVERSION = YES;
				CLANG_WARN_COMMA = YES;
				CLANG_WARN_CONSTANT_CONVERSION = YES;
				CLANG_WARN_DEPRECATED_OBJC_IMPLEMENTATIONS = YES;
				CLANG_WARN_DIRECT_OBJC_ISA_USAGE = YES_ERROR;
				CLANG_WARN_DOCUMENTATION_COMMENTS = YES;
				CLANG_WARN_EMPTY_BODY = YES;
				CLANG_WARN_ENUM_CONVERSION = YES;
				CLANG_WARN_INFINITE_RECURSION = YES;
				CLANG_WARN_INT_CONVERSION = YES;
				CLANG_WARN_NON_LITERAL_NULL_CONVERSION = YES;
				CLANG_WARN_OBJC_IMPLICIT_RETAIN_SELF = YES;
				CLANG_WARN_OBJC_LITERAL_CONVERSION = YES;
				CLANG_WARN_OBJC_ROOT_CLASS = YES_ERROR;
				CLANG_WARN_QUOTED_INCLUDE_IN_FRAMEWORK_HEADER = YES;
				CLANG_WARN_RANGE_LOOP_ANALYSIS = YES;
				CLANG_WARN_STRICT_PROTOTYPES = YES;
				CLANG_WARN_SUSPICIOUS_MOVE = YES;
				CLANG_WARN_UNGUARDED_AVAILABILITY = YES_AGGRESSIVE;
				CLANG_WARN_UNREACHABLE_CODE = YES;
				CLANG_WARN__DUPLICATE_METHOD_MATCH = YES;
				COPY_PHASE_STRIP = NO;
				DEBUG_INFORMATION_FORMAT = dwarf;
				ENABLE_STRICT_OBJC_MSGSEND = YES;
				ENABLE_TESTABILITY = YES;
				GCC_C_LANGUAGE_STANDARD = gnu11;
				GCC_DYNAMIC_NO_PIC = NO;
				GCC_NO_COMMON_BLOCKS = YES;
				GCC_OPTIMIZATION_LEVEL = 0;
				GCC_PREPROCESSOR_DEFINITIONS = (
					"DEBUG=1",
					"$(inherited)",
				);
				GCC_WARN_64_TO_32_BIT_CONVERSION = YES;
				GCC_WARN_ABOUT_RETURN_TYPE = YES_ERROR;
				GCC_WARN_UNDECLARED_SELECTOR = YES;
				GCC_WARN_UNINITIALIZED_AUTOS = YES_AGGRESSIVE;
				GCC_WARN_UNUSED_FUNCTION = YES;
				GCC_WARN_UNUSED_VARIABLE = YES;
				IPHONEOS_DEPLOYMENT_TARGET = 15.2;
				MTL_ENABLE_DEBUG_INFO = INCLUDE_SOURCE;
				MTL_FAST_MATH = YES;
				ONLY_ACTIVE_ARCH = YES;
				SDKROOT = iphoneos;
				SWIFT_ACTIVE_COMPILATION_CONDITIONS = DEBUG;
				SWIFT_OPTIMIZATION_LEVEL = "-Onone";
			};
			name = Debug;
		};
		452F0A5C28FE6C0200C01151 /* Release */ = {
			isa = XCBuildConfiguration;
			buildSettings = {
				ALWAYS_SEARCH_USER_PATHS = NO;
				CLANG_ANALYZER_NONNULL = YES;
				CLANG_ANALYZER_NUMBER_OBJECT_CONVERSION = YES_AGGRESSIVE;
				CLANG_CXX_LANGUAGE_STANDARD = "gnu++17";
				CLANG_CXX_LIBRARY = "libc++";
				CLANG_ENABLE_MODULES = YES;
				CLANG_ENABLE_OBJC_ARC = YES;
				CLANG_ENABLE_OBJC_WEAK = YES;
				CLANG_WARN_BLOCK_CAPTURE_AUTORELEASING = YES;
				CLANG_WARN_BOOL_CONVERSION = YES;
				CLANG_WARN_COMMA = YES;
				CLANG_WARN_CONSTANT_CONVERSION = YES;
				CLANG_WARN_DEPRECATED_OBJC_IMPLEMENTATIONS = YES;
				CLANG_WARN_DIRECT_OBJC_ISA_USAGE = YES_ERROR;
				CLANG_WARN_DOCUMENTATION_COMMENTS = YES;
				CLANG_WARN_EMPTY_BODY = YES;
				CLANG_WARN_ENUM_CONVERSION = YES;
				CLANG_WARN_INFINITE_RECURSION = YES;
				CLANG_WARN_INT_CONVERSION = YES;
				CLANG_WARN_NON_LITERAL_NULL_CONVERSION = YES;
				CLANG_WARN_OBJC_IMPLICIT_RETAIN_SELF = YES;
				CLANG_WARN_OBJC_LITERAL_CONVERSION = YES;
				CLANG_WARN_OBJC_ROOT_CLASS = YES_ERROR;
				CLANG_WARN_QUOTED_INCLUDE_IN_FRAMEWORK_HEADER = YES;
				CLANG_WARN_RANGE_LOOP_ANALYSIS = YES;
				CLANG_WARN_STRICT_PROTOTYPES = YES;
				CLANG_WARN_SUSPICIOUS_MOVE = YES;
				CLANG_WARN_UNGUARDED_AVAILABILITY = YES_AGGRESSIVE;
				CLANG_WARN_UNREACHABLE_CODE = YES;
				CLANG_WARN__DUPLICATE_METHOD_MATCH = YES;
				COPY_PHASE_STRIP = NO;
				DEBUG_INFORMATION_FORMAT = "dwarf-with-dsym";
				ENABLE_NS_ASSERTIONS = NO;
				ENABLE_STRICT_OBJC_MSGSEND = YES;
				GCC_C_LANGUAGE_STANDARD = gnu11;
				GCC_NO_COMMON_BLOCKS = YES;
				GCC_WARN_64_TO_32_BIT_CONVERSION = YES;
				GCC_WARN_ABOUT_RETURN_TYPE = YES_ERROR;
				GCC_WARN_UNDECLARED_SELECTOR = YES;
				GCC_WARN_UNINITIALIZED_AUTOS = YES_AGGRESSIVE;
				GCC_WARN_UNUSED_FUNCTION = YES;
				GCC_WARN_UNUSED_VARIABLE = YES;
				IPHONEOS_DEPLOYMENT_TARGET = 15.2;
				MTL_ENABLE_DEBUG_INFO = NO;
				MTL_FAST_MATH = YES;
				SDKROOT = iphoneos;
				SWIFT_COMPILATION_MODE = wholemodule;
				SWIFT_OPTIMIZATION_LEVEL = "-O";
				VALIDATE_PRODUCT = YES;
			};
			name = Release;
		};
		452F0A5E28FE6C0200C01151 /* Debug */ = {
			isa = XCBuildConfiguration;
			buildSettings = {
				ASSETCATALOG_COMPILER_APPICON_NAME = AppIcon;
				ASSETCATALOG_COMPILER_GLOBAL_ACCENT_COLOR_NAME = AccentColor;
				CODE_SIGN_STYLE = Automatic;
				CURRENT_PROJECT_VERSION = 1;
				DEVELOPMENT_TEAM = WE4FN8WPWL;
				GENERATE_INFOPLIST_FILE = YES;
				INFOPLIST_FILE = TestExampleDesign/Resources/Info.plist;
				INFOPLIST_KEY_UIApplicationSupportsIndirectInputEvents = YES;
				INFOPLIST_KEY_UILaunchStoryboardName = LaunchScreen;
				INFOPLIST_KEY_UIMainStoryboardFile = Main;
				INFOPLIST_KEY_UISupportedInterfaceOrientations = UIInterfaceOrientationPortrait;
				INFOPLIST_KEY_UISupportedInterfaceOrientations_iPad = "UIInterfaceOrientationPortrait UIInterfaceOrientationPortraitUpsideDown UIInterfaceOrientationLandscapeLeft UIInterfaceOrientationLandscapeRight";
				INFOPLIST_KEY_UISupportedInterfaceOrientations_iPhone = "UIInterfaceOrientationPortrait UIInterfaceOrientationLandscapeLeft UIInterfaceOrientationLandscapeRight";
				LD_RUNPATH_SEARCH_PATHS = (
					"$(inherited)",
					"@executable_path/Frameworks",
				);
				MARKETING_VERSION = 1.0;
				PRODUCT_BUNDLE_IDENTIFIER = com.smartBoys.TestExampleDesign.TestExampleDesign;
				PRODUCT_NAME = "$(TARGET_NAME)";
				SWIFT_EMIT_LOC_STRINGS = YES;
				SWIFT_VERSION = 5.0;
				TARGETED_DEVICE_FAMILY = "1,2";
			};
			name = Debug;
		};
		452F0A5F28FE6C0200C01151 /* Release */ = {
			isa = XCBuildConfiguration;
			buildSettings = {
				ASSETCATALOG_COMPILER_APPICON_NAME = AppIcon;
				ASSETCATALOG_COMPILER_GLOBAL_ACCENT_COLOR_NAME = AccentColor;
				CODE_SIGN_STYLE = Automatic;
				CURRENT_PROJECT_VERSION = 1;
				DEVELOPMENT_TEAM = WE4FN8WPWL;
				GENERATE_INFOPLIST_FILE = YES;
				INFOPLIST_FILE = TestExampleDesign/Resources/Info.plist;
				INFOPLIST_KEY_UIApplicationSupportsIndirectInputEvents = YES;
				INFOPLIST_KEY_UILaunchStoryboardName = LaunchScreen;
				INFOPLIST_KEY_UIMainStoryboardFile = Main;
				INFOPLIST_KEY_UISupportedInterfaceOrientations = UIInterfaceOrientationPortrait;
				INFOPLIST_KEY_UISupportedInterfaceOrientations_iPad = "UIInterfaceOrientationPortrait UIInterfaceOrientationPortraitUpsideDown UIInterfaceOrientationLandscapeLeft UIInterfaceOrientationLandscapeRight";
				INFOPLIST_KEY_UISupportedInterfaceOrientations_iPhone = "UIInterfaceOrientationPortrait UIInterfaceOrientationLandscapeLeft UIInterfaceOrientationLandscapeRight";
				LD_RUNPATH_SEARCH_PATHS = (
					"$(inherited)",
					"@executable_path/Frameworks",
				);
				MARKETING_VERSION = 1.0;
				PRODUCT_BUNDLE_IDENTIFIER = com.smartBoys.TestExampleDesign.TestExampleDesign;
				PRODUCT_NAME = "$(TARGET_NAME)";
				SWIFT_EMIT_LOC_STRINGS = YES;
				SWIFT_VERSION = 5.0;
				TARGETED_DEVICE_FAMILY = "1,2";
			};
			name = Release;
		};
/* End XCBuildConfiguration section */

/* Begin XCConfigurationList section */
		452F0A4428FE6C0100C01151 /* Build configuration list for PBXProject "TestExampleDesign" */ = {
			isa = XCConfigurationList;
			buildConfigurations = (
				452F0A5B28FE6C0200C01151 /* Debug */,
				452F0A5C28FE6C0200C01151 /* Release */,
			);
			defaultConfigurationIsVisible = 0;
			defaultConfigurationName = Release;
		};
		452F0A5D28FE6C0200C01151 /* Build configuration list for PBXNativeTarget "TestExampleDesign" */ = {
			isa = XCConfigurationList;
			buildConfigurations = (
				452F0A5E28FE6C0200C01151 /* Debug */,
				452F0A5F28FE6C0200C01151 /* Release */,
			);
			defaultConfigurationIsVisible = 0;
			defaultConfigurationName = Release;
		};
/* End XCConfigurationList section */
	};
	rootObject = 452F0A4128FE6C0100C01151 /* Project object */;
}
